
Microsoft Visual Studio Solution File, Format Version 12.00
# Visual Studio Version 17
VisualStudioVersion = 17.3.32811.315
MinimumVisualStudioVersion = 10.0.40219.1
Project("{9A19103F-16F7-4668-BE54-9A1E7A4F7556}") = "Supply chain management WF", "Supply chain management WF\Supply chain management WF.csproj", "{80E2F80B-5E84-4DC3-96BA-DB877F5E053A}"
EndProject
Project("{FAE04EC0-301F-11D3-BF4B-00C04F79EFBC}") = "Supply chain management WebApp", "Supply chain management WebApp\Supply chain management WebApp.csproj", "{71ABB173-8489-4E1F-859F-5E138898CBB0}"
EndProject
Global
	GlobalSection(SolutionConfigurationPlatforms) = preSolution
		Debug|Any CPU = Debug|Any CPU
		Release|Any CPU = Release|Any CPU
	EndGlobalSection
	GlobalSection(ProjectConfigurationPlatforms) = postSolution
		{80E2F80B-5E84-4DC3-96BA-DB877F5E053A}.Debug|Any CPU.ActiveCfg = Debug|Any CPU
		{80E2F80B-5E84-4DC3-96BA-DB877F5E053A}.Debug|Any CPU.Build.0 = Debug|Any CPU
		{80E2F80B-5E84-4DC3-96BA-DB877F5E053A}.Release|Any CPU.ActiveCfg = Release|Any CPU
		{80E2F80B-5E84-4DC3-96BA-DB877F5E053A}.Release|Any CPU.Build.0 = Release|Any CPU
		{71ABB173-8489-4E1F-859F-5E138898CBB0}.Debug|Any CPU.ActiveCfg = Debug|Any CPU
		{71ABB173-8489-4E1F-859F-5E138898CBB0}.Debug|Any CPU.Build.0 = Debug|Any CPU
		{71ABB173-8489-4E1F-859F-5E138898CBB0}.Release|Any CPU.ActiveCfg = Release|Any CPU
		{71ABB173-8489-4E1F-859F-5E138898CBB0}.Release|Any CPU.Build.0 = Release|Any CPU
	EndGlobalSection
	GlobalSection(SolutionProperties) = preSolution
		HideSolutionNode = FALSE
	EndGlobalSection
	GlobalSection(ExtensibilityGlobals) = postSolution
		SolutionGuid = {641663F8-7595-4089-9773-5EAE31E7B4FA}
	EndGlobalSection
EndGlobal
